
Microsoft Visual Studio Solution File, Format Version 12.00
# Visual Studio Version 16
VisualStudioVersion = 16.0.32407.337
MinimumVisualStudioVersion = 10.0.40219.1
Project("{9A19103F-16F7-4668-BE54-9A1E7A4F7556}") = "WebUI", "WebUI\WebUI.csproj", "{019D7656-6229-45CF-B8A0-EB4DEF3940DF}"
EndProject
Project("{9A19103F-16F7-4668-BE54-9A1E7A4F7556}") = "ZBlazor", "ZBlazor\ZBlazor.csproj", "{B7287F10-F446-46D4-9BFF-B47318D939F9}"
EndProject
Project("{9A19103F-16F7-4668-BE54-9A1E7A4F7556}") = "BlazorTable", "BlazorTable\BlazorTable.csproj", "{8BBD2A39-B6A8-4559-A1DF-29522E27208E}"
EndProject
Global
	GlobalSection(SolutionConfigurationPlatforms) = preSolution
		Debug|Any CPU = Debug|Any CPU
		Release|Any CPU = Release|Any CPU
	EndGlobalSection
	GlobalSection(ProjectConfigurationPlatforms) = postSolution
		{019D7656-6229-45CF-B8A0-EB4DEF3940DF}.Debug|Any CPU.ActiveCfg = Debug|Any CPU
		{019D7656-6229-45CF-B8A0-EB4DEF3940DF}.Debug|Any CPU.Build.0 = Debug|Any CPU
		{019D7656-6229-45CF-B8A0-EB4DEF3940DF}.Release|Any CPU.ActiveCfg = Release|Any CPU
		{019D7656-6229-45CF-B8A0-EB4DEF3940DF}.Release|Any CPU.Build.0 = Release|Any CPU
		{B7287F10-F446-46D4-9BFF-B47318D939F9}.Debug|Any CPU.ActiveCfg = Debug|Any CPU
		{B7287F10-F446-46D4-9BFF-B47318D939F9}.Debug|Any CPU.Build.0 = Debug|Any CPU
		{B7287F10-F446-46D4-9BFF-B47318D939F9}.Release|Any CPU.ActiveCfg = Release|Any CPU
		{B7287F10-F446-46D4-9BFF-B47318D939F9}.Release|Any CPU.Build.0 = Release|Any CPU
		{8BBD2A39-B6A8-4559-A1DF-29522E27208E}.Debug|Any CPU.ActiveCfg = Debug|Any CPU
		{8BBD2A39-B6A8-4559-A1DF-29522E27208E}.Debug|Any CPU.Build.0 = Debug|Any CPU
		{8BBD2A39-B6A8-4559-A1DF-29522E27208E}.Release|Any CPU.ActiveCfg = Release|Any CPU
		{8BBD2A39-B6A8-4559-A1DF-29522E27208E}.Release|Any CPU.Build.0 = Release|Any CPU
	EndGlobalSection
	GlobalSection(SolutionProperties) = preSolution
		HideSolutionNode = FALSE
	EndGlobalSection
	GlobalSection(ExtensibilityGlobals) = postSolution
		SolutionGuid = {036BEE2C-969E-4DC2-8179-A15902BCE77E}
	EndGlobalSection
EndGlobal
